
Microsoft Visual Studio Solution File, Format Version 11.00
# Visual Studio 2010
Project("{8BC9CEB8-8B4A-11D0-8D11-00A0C91BC942}") = "Level2_Decoder_Demo", "Level2_Decoder_Demo.vcxproj", "{B1DB06C7-C631-43C8-B59F-212D1B9B41CD}"
EndProject
Global
	GlobalSection(SolutionConfigurationPlatforms) = preSolution
		Debug|Win32 = Debug|Win32
		Release|Win32 = Release|Win32
	EndGlobalSection
	GlobalSection(ProjectConfigurationPlatforms) = postSolution
		{B1DB06C7-C631-43C8-B59F-212D1B9B41CD}.Debug|Win32.ActiveCfg = Debug|Win32
		{B1DB06C7-C631-43C8-B59F-212D1B9B41CD}.Debug|Win32.Build.0 = Debug|Win32
		{B1DB06C7-C631-43C8-B59F-212D1B9B41CD}.Release|Win32.ActiveCfg = Release|Win32
		{B1DB06C7-C631-43C8-B59F-212D1B9B41CD}.Release|Win32.Build.0 = Release|Win32
	EndGlobalSection
	GlobalSection(SolutionProperties) = preSolution
		HideSolutionNode = FALSE
	EndGlobalSection
EndGlobal
